// !$*UTF8*$!
{
	archiveVersion = 1;
	classes = {
	};
	objectVersion = 77;
	objects = {

/* Begin PBXBuildFile section */
		6303E2C02D33FF870096DB64 /* RootViewControllerMethods.swift in Sources */ = {isa = PBXBuildFile; fileRef = 6303E2BF2D33FF770096DB64 /* RootViewControllerMethods.swift */; };
		6303E2C22D3405040096DB64 /* AuthorizationViewModel.swift in Sources */ = {isa = PBXBuildFile; fileRef = 6303E2C12D3404FD0096DB64 /* AuthorizationViewModel.swift */; };
		6303E2CA2D346A070096DB64 /* CoreDataViewModel.swift in Sources */ = {isa = PBXBuildFile; fileRef = 6303E2C92D3469FE0096DB64 /* CoreDataViewModel.swift */; };
		6303E2D22D346BBF0096DB64 /* TaskModel.xcdatamodeld in Sources */ = {isa = PBXBuildFile; fileRef = 6303E2D02D346BBF0096DB64 /* TaskModel.xcdatamodeld */; };
		631315BB2D7DDBBE0030D446 /* CalendarTaskRowWithActions.swift in Sources */ = {isa = PBXBuildFile; fileRef = 631315BA2D7DDBBE0030D446 /* CalendarTaskRowWithActions.swift */; };
		631315BD2D7DE21E0030D446 /* MainTaskRowWithActions.swift in Sources */ = {isa = PBXBuildFile; fileRef = 631315BC2D7DE21E0030D446 /* MainTaskRowWithActions.swift */; };
		632D0DD02D36B9760071684D /* TaskManagementModel.swift in Sources */ = {isa = PBXBuildFile; fileRef = 632D0DCF2D36B9700071684D /* TaskManagementModel.swift */; };
		632D0DD22D36BAF50071684D /* CustomNavBar.swift in Sources */ = {isa = PBXBuildFile; fileRef = 632D0DD12D36BAEF0071684D /* CustomNavBar.swift */; };
		632D0DD42D36BB270071684D /* TaskManagementNavBar.swift in Sources */ = {isa = PBXBuildFile; fileRef = 632D0DD32D36BB210071684D /* TaskManagementNavBar.swift */; };
		632D0DD72D37D6D70071684D /* TaskManagementShareView.swift in Sources */ = {isa = PBXBuildFile; fileRef = 632D0DD62D37D6D70071684D /* TaskManagementShareView.swift */; };
		632D0DDA2D37E0AE0071684D /* HeightReader.swift in Sources */ = {isa = PBXBuildFile; fileRef = 632D0DD92D37E0A90071684D /* HeightReader.swift */; };
		6338FFA92D7C9FE900E9E4C2 /* PreviewData.swift in Sources */ = {isa = PBXBuildFile; fileRef = 6338FFA82D7C9FE400E9E4C2 /* PreviewData.swift */; };
		634877AC2D369B2C009110B0 /* SettingFormRow.swift in Sources */ = {isa = PBXBuildFile; fileRef = 634877AB2D369B21009110B0 /* SettingFormRow.swift */; };
		635DBBB32D64E89A0050476C /* TaskSectionModel.swift in Sources */ = {isa = PBXBuildFile; fileRef = 635DBBB22D64E88D0050476C /* TaskSectionModel.swift */; };
		635DBBB52D6A1E4A0050476C /* NavigationTransitionModifier.swift in Sources */ = {isa = PBXBuildFile; fileRef = 635DBBB42D6A1E2C0050476C /* NavigationTransitionModifier.swift */; };
		635FEF6D2D24B71C007FFBBA /* ToDoNotesApp.swift in Sources */ = {isa = PBXBuildFile; fileRef = 635FEF6A2D24B71C007FFBBA /* ToDoNotesApp.swift */; };
		635FEF6E2D24B71C007FFBBA /* Preview Assets.xcassets in Resources */ = {isa = PBXBuildFile; fileRef = 635FEF662D24B71C007FFBBA /* Preview Assets.xcassets */; };
		635FEF6F2D24B71C007FFBBA /* Assets.xcassets in Resources */ = {isa = PBXBuildFile; fileRef = 635FEF682D24B71C007FFBBA /* Assets.xcassets */; };
		635FEF7D2D24BB70007FFBBA /* SplashScreenView.swift in Sources */ = {isa = PBXBuildFile; fileRef = 635FEF7C2D24BB65007FFBBA /* SplashScreenView.swift */; };
		635FEF802D24BCEF007FFBBA /* ColorExtension.swift in Sources */ = {isa = PBXBuildFile; fileRef = 635FEF7F2D24BCEB007FFBBA /* ColorExtension.swift */; };
		635FEF822D24BEA6007FFBBA /* ImageExtension.swift in Sources */ = {isa = PBXBuildFile; fileRef = 635FEF812D24BEA2007FFBBA /* ImageExtension.swift */; };
		635FEF842D24C17B007FFBBA /* Labels.swift in Sources */ = {isa = PBXBuildFile; fileRef = 635FEF832D24C172007FFBBA /* Labels.swift */; };
		635FEF862D24C25A007FFBBA /* OnboardingScreenModel.swift in Sources */ = {isa = PBXBuildFile; fileRef = 635FEF852D24C255007FFBBA /* OnboardingScreenModel.swift */; };
		635FEF882D24C36E007FFBBA /* OnboardingScreenViewModel.swift in Sources */ = {isa = PBXBuildFile; fileRef = 635FEF872D24C366007FFBBA /* OnboardingScreenViewModel.swift */; };
		63645A5C2D3836FB000095D3 /* SwiftUIIntrospect in Frameworks */ = {isa = PBXBuildFile; productRef = 63645A5B2D3836FB000095D3 /* SwiftUIIntrospect */; };
		63645A5E2D383897000095D3 /* TextFieldDelegate.swift in Sources */ = {isa = PBXBuildFile; fileRef = 63645A5D2D383890000095D3 /* TextFieldDelegate.swift */; };
		6377871D2D75E99B006DE892 /* FullSwipeNavigationStack.swift in Sources */ = {isa = PBXBuildFile; fileRef = 6377871C2D75E99B006DE892 /* FullSwipeNavigationStack.swift */; };
		6377871F2D7600A0006DE892 /* SettingAppearanceView.swift in Sources */ = {isa = PBXBuildFile; fileRef = 6377871E2D76008C006DE892 /* SettingAppearanceView.swift */; };
		6378A7532D3EB6B100C1B858 /* ImmediateKeyboardModifier.swift in Sources */ = {isa = PBXBuildFile; fileRef = 6378A7522D3EB6A200C1B858 /* ImmediateKeyboardModifier.swift */; };
		6378A7552D3FCBE500C1B858 /* TaskDateSelectorView.swift in Sources */ = {isa = PBXBuildFile; fileRef = 6378A7542D3FCBDA00C1B858 /* TaskDateSelectorView.swift */; };
		637B9F462D29599B0010F13B /* FilterModel.swift in Sources */ = {isa = PBXBuildFile; fileRef = 637B9F452D2959960010F13B /* FilterModel.swift */; };
		637B9F482D295A510010F13B /* FolderModel.swift in Sources */ = {isa = PBXBuildFile; fileRef = 637B9F472D295A4D0010F13B /* FolderModel.swift */; };
		637B9F4C2D295B290010F13B /* MainView.swift in Sources */ = {isa = PBXBuildFile; fileRef = 637B9F4B2D295B270010F13B /* MainView.swift */; };
		637B9F4E2D295B490010F13B /* MainViewModel.swift in Sources */ = {isa = PBXBuildFile; fileRef = 637B9F4D2D295B440010F13B /* MainViewModel.swift */; };
		637B9F512D295B7F0010F13B /* MainNavigationBar.swift in Sources */ = {isa = PBXBuildFile; fileRef = 637B9F502D295B7F0010F13B /* MainNavigationBar.swift */; };
		637B9F582D2969940010F13B /* TodayView.swift in Sources */ = {isa = PBXBuildFile; fileRef = 637B9F572D2969940010F13B /* TodayView.swift */; };
		637B9F5A2D2969AC0010F13B /* CalendarView.swift in Sources */ = {isa = PBXBuildFile; fileRef = 637B9F592D2969AC0010F13B /* CalendarView.swift */; };
		637B9F5C2D2969C30010F13B /* SettingsView.swift in Sources */ = {isa = PBXBuildFile; fileRef = 637B9F5B2D2969C30010F13B /* SettingsView.swift */; };
		637B9F5F2D296F3D0010F13B /* TabRouter.swift in Sources */ = {isa = PBXBuildFile; fileRef = 637B9F5E2D296F3A0010F13B /* TabRouter.swift */; };
		637B9F612D296FA90010F13B /* ContentView.swift in Sources */ = {isa = PBXBuildFile; fileRef = 637B9F602D296FA90010F13B /* ContentView.swift */; };
		637B9F632D29702E0010F13B /* TabItems.swift in Sources */ = {isa = PBXBuildFile; fileRef = 637B9F622D29702B0010F13B /* TabItems.swift */; };
		637B9F662D2974E40010F13B /* FilterScrollView.swift in Sources */ = {isa = PBXBuildFile; fileRef = 637B9F652D2974E40010F13B /* FilterScrollView.swift */; };
		637B9F692D29754F0010F13B /* FilterCell.swift in Sources */ = {isa = PBXBuildFile; fileRef = 637B9F682D29754F0010F13B /* FilterCell.swift */; };
		638E21962D2C209200FB1464 /* TaskManagementView.swift in Sources */ = {isa = PBXBuildFile; fileRef = 638E21952D2C209200FB1464 /* TaskManagementView.swift */; };
		63958D2D2D33D8FE00A1913A /* SwiftUIPager in Frameworks */ = {isa = PBXBuildFile; productRef = 63958D2C2D33D8FE00A1913A /* SwiftUIPager */; };
		6396C8102D7DC8B70046DB14 /* TodayTaskRowWithActions.swift in Sources */ = {isa = PBXBuildFile; fileRef = 6396C80F2D7DC8B70046DB14 /* TodayTaskRowWithActions.swift */; };
		63A092892D7BA05A0026A64D /* ToastView.swift in Sources */ = {isa = PBXBuildFile; fileRef = 63A092882D7BA0540026A64D /* ToastView.swift */; };
		63A0928C2D7C5EC80026A64D /* ToastModel.swift in Sources */ = {isa = PBXBuildFile; fileRef = 63A0928B2D7C5EC30026A64D /* ToastModel.swift */; };
		63A0928E2D7C5EF20026A64D /* RootView.swift in Sources */ = {isa = PBXBuildFile; fileRef = 63A0928D2D7C5EEF0026A64D /* RootView.swift */; };
		63A092912D7C5F380026A64D /* ToastViewModel.swift in Sources */ = {isa = PBXBuildFile; fileRef = 63A092902D7C5F340026A64D /* ToastViewModel.swift */; };
		63A092942D7C60E40026A64D /* CoreDataProvider.swift in Sources */ = {isa = PBXBuildFile; fileRef = 63A092932D7C60E00026A64D /* CoreDataProvider.swift */; };
		63A092962D7C634E0026A64D /* TaskService.swift in Sources */ = {isa = PBXBuildFile; fileRef = 63A092952D7C63470026A64D /* TaskService.swift */; };
		63A3FE782D85917800FE4896 /* SwipeToDismiss.swift in Sources */ = {isa = PBXBuildFile; fileRef = 63A3FE772D85917200FE4896 /* SwipeToDismiss.swift */; };
		63A3FE7F2D85945800FE4896 /* TrackableScrollView.swift in Sources */ = {isa = PBXBuildFile; fileRef = 63A3FE7D2D85945800FE4896 /* TrackableScrollView.swift */; };
		63A5B6642D4937D100B0E408 /* TaskCalendarSelectorView.swift in Sources */ = {isa = PBXBuildFile; fileRef = 63A5B6632D4937D100B0E408 /* TaskCalendarSelectorView.swift */; };
		63A5B6672D493C4200B0E408 /* TaskCustomCalendar.swift in Sources */ = {isa = PBXBuildFile; fileRef = 63A5B6662D493C3700B0E408 /* TaskCustomCalendar.swift */; };
		63A5B6692D49446800B0E408 /* TaskDateParamRow.swift in Sources */ = {isa = PBXBuildFile; fileRef = 63A5B6682D49446800B0E408 /* TaskDateParamRow.swift */; };
		63AE657D2D71F9E6009A3541 /* SettingTaskCreateView.swift in Sources */ = {isa = PBXBuildFile; fileRef = 63AE657C2D71F9E6009A3541 /* SettingTaskCreateView.swift */; };
		63AE657F2D72172E009A3541 /* TaskCreationPageModel.swift in Sources */ = {isa = PBXBuildFile; fileRef = 63AE657E2D721728009A3541 /* TaskCreationPageModel.swift */; };
		63AE65832D721AED009A3541 /* SettingAboutPageView.swift in Sources */ = {isa = PBXBuildFile; fileRef = 63AE65822D721AED009A3541 /* SettingAboutPageView.swift */; };
		63AE65882D73181A009A3541 /* CustomNavLink.swift in Sources */ = {isa = PBXBuildFile; fileRef = 63AE65872D73181A009A3541 /* CustomNavLink.swift */; };
		63AE658A2D731A15009A3541 /* CustomNavBarContainerView.swift in Sources */ = {isa = PBXBuildFile; fileRef = 63AE65892D731A15009A3541 /* CustomNavBarContainerView.swift */; };
		63AE658C2D731EDF009A3541 /* CustomNavBarPreferenceKeys.swift in Sources */ = {isa = PBXBuildFile; fileRef = 63AE658B2D731ED6009A3541 /* CustomNavBarPreferenceKeys.swift */; };
		63BCD8B02D77298D0016950F /* PopView.swift in Sources */ = {isa = PBXBuildFile; fileRef = 63BCD8AF2D77298D0016950F /* PopView.swift */; };
		63BCD8B22D77400D0016950F /* AlertView.swift in Sources */ = {isa = PBXBuildFile; fileRef = 63BCD8B12D77400D0016950F /* AlertView.swift */; };
		63BCD8B52D7B666B0016950F /* SearchBar.swift in Sources */ = {isa = PBXBuildFile; fileRef = 63BCD8B42D7B66680016950F /* SearchBar.swift */; };
		63C5A8CF2D31BECD00154101 /* GoogleSignIn in Frameworks */ = {isa = PBXBuildFile; productRef = 63C5A8CE2D31BECD00154101 /* GoogleSignIn */; };
		63C5A8D12D31BECD00154101 /* GoogleSignInSwift in Frameworks */ = {isa = PBXBuildFile; productRef = 63C5A8D02D31BECD00154101 /* GoogleSignInSwift */; };
		63CD66982D367EC50053C93C /* TaskManagementViewModel.swift in Sources */ = {isa = PBXBuildFile; fileRef = 63CD66972D367EBD0053C93C /* TaskManagementViewModel.swift */; };
		63D9A1BA2D50F2FF008454E9 /* UserNotificationCenterExtension.swift in Sources */ = {isa = PBXBuildFile; fileRef = 63D9A1B92D50F2F2008454E9 /* UserNotificationCenterExtension.swift */; };
		63DA81022D24C822005CEECB /* OnboardingScreenView.swift in Sources */ = {isa = PBXBuildFile; fileRef = 63DA81012D24C822005CEECB /* OnboardingScreenView.swift */; };
		63DA81042D24CE48005CEECB /* ViewExtension.swift in Sources */ = {isa = PBXBuildFile; fileRef = 63DA81032D24CE44005CEECB /* ViewExtension.swift */; };
		63DE01122D567D92002A5C4F /* CalendarMonthSelector.swift in Sources */ = {isa = PBXBuildFile; fileRef = 63DE01112D567D92002A5C4F /* CalendarMonthSelector.swift */; };
		63E870E72D54F44D00699091 /* ViewGlow.swift in Sources */ = {isa = PBXBuildFile; fileRef = 63E870E62D54F44500699091 /* ViewGlow.swift */; };
		63E870E92D55313000699091 /* ResetMessageModel.swift in Sources */ = {isa = PBXBuildFile; fileRef = 63E870E82D55312200699091 /* ResetMessageModel.swift */; };
		63E890CA2D347655003D7370 /* TaskListRow.swift in Sources */ = {isa = PBXBuildFile; fileRef = 63E890C92D347655003D7370 /* TaskListRow.swift */; };
		63F6C6F72D29B41E00716AB0 /* FolderCell.swift in Sources */ = {isa = PBXBuildFile; fileRef = 63F6C6F62D29B41E00716AB0 /* FolderCell.swift */; };
		63F6C6F92D29B78400716AB0 /* FoldersScrollView.swift in Sources */ = {isa = PBXBuildFile; fileRef = 63F6C6F82D29B78400716AB0 /* FoldersScrollView.swift */; };
		63F6C6FE2D2A9FF500716AB0 /* TodayNavBar.swift in Sources */ = {isa = PBXBuildFile; fileRef = 63F6C6FD2D2A9FF500716AB0 /* TodayNavBar.swift */; };
		63F6C7002D2AA01700716AB0 /* TodayViewModel.swift in Sources */ = {isa = PBXBuildFile; fileRef = 63F6C6FF2D2AA01300716AB0 /* TodayViewModel.swift */; };
		63F6C7022D2AA38C00716AB0 /* DateFormatter.swift in Sources */ = {isa = PBXBuildFile; fileRef = 63F6C7012D2AA37F00716AB0 /* DateFormatter.swift */; };
		63F6C7052D2AA94F00716AB0 /* ThemeModel.swift in Sources */ = {isa = PBXBuildFile; fileRef = 63F6C7042D2AA94B00716AB0 /* ThemeModel.swift */; };
		63F6C7082D2AAA0900716AB0 /* SettingsViewModel.swift in Sources */ = {isa = PBXBuildFile; fileRef = 63F6C7072D2AAA0500716AB0 /* SettingsViewModel.swift */; };
		63F6C70C2D2AAAA000716AB0 /* AboutAppView.swift in Sources */ = {isa = PBXBuildFile; fileRef = 63F6C70B2D2AAAA000716AB0 /* AboutAppView.swift */; };
		63F6C70E2D2AAD0100716AB0 /* SettingsNavBar.swift in Sources */ = {isa = PBXBuildFile; fileRef = 63F6C70D2D2AAD0100716AB0 /* SettingsNavBar.swift */; };
		63F6C7122D2AB71900716AB0 /* CalendarNavBar.swift in Sources */ = {isa = PBXBuildFile; fileRef = 63F6C7112D2AB71200716AB0 /* CalendarNavBar.swift */; };
		63F6C7152D2AB99600716AB0 /* CalendarViewModel.swift in Sources */ = {isa = PBXBuildFile; fileRef = 63F6C7142D2AB99000716AB0 /* CalendarViewModel.swift */; };
		63F6C7172D2ABE6700716AB0 /* CustomCalendarView.swift in Sources */ = {isa = PBXBuildFile; fileRef = 63F6C7162D2ABE6700716AB0 /* CustomCalendarView.swift */; };
		63F6C71A2D2AF3B900716AB0 /* CustomCalendarCell.swift in Sources */ = {isa = PBXBuildFile; fileRef = 63F6C7192D2AF3B900716AB0 /* CustomCalendarCell.swift */; };
		63F6C71C2D2B19A200716AB0 /* CustomCalendarModel.swift in Sources */ = {isa = PBXBuildFile; fileRef = 63F6C71B2D2B199700716AB0 /* CustomCalendarModel.swift */; };
		63F6C71F2D2B1E5200716AB0 /* CalendarTaskFormPlaceholder.swift in Sources */ = {isa = PBXBuildFile; fileRef = 63F6C71E2D2B1E5200716AB0 /* CalendarTaskFormPlaceholder.swift */; };
		63F849462D38145E00E9D5CE /* TaskChecklistView.swift in Sources */ = {isa = PBXBuildFile; fileRef = 63F849452D38145E00E9D5CE /* TaskChecklistView.swift */; };
/* End PBXBuildFile section */

/* Begin PBXCopyFilesBuildPhase section */
		63645A522D383526000095D3 /* Embed Frameworks */ = {
			isa = PBXCopyFilesBuildPhase;
			buildActionMask = 2147483647;
			dstPath = "";
			dstSubfolderSpec = 10;
			files = (
			);
			name = "Embed Frameworks";
			runOnlyForDeploymentPostprocessing = 0;
		};
/* End PBXCopyFilesBuildPhase section */

/* Begin PBXFileReference section */
		6303E2BF2D33FF770096DB64 /* RootViewControllerMethods.swift */ = {isa = PBXFileReference; lastKnownFileType = sourcecode.swift; path = RootViewControllerMethods.swift; sourceTree = "<group>"; };
		6303E2C12D3404FD0096DB64 /* AuthorizationViewModel.swift */ = {isa = PBXFileReference; lastKnownFileType = sourcecode.swift; path = AuthorizationViewModel.swift; sourceTree = "<group>"; };
		6303E2C92D3469FE0096DB64 /* CoreDataViewModel.swift */ = {isa = PBXFileReference; lastKnownFileType = sourcecode.swift; path = CoreDataViewModel.swift; sourceTree = "<group>"; };
		6303E2D12D346BBF0096DB64 /* TaskModel.xcdatamodel */ = {isa = PBXFileReference; lastKnownFileType = wrapper.xcdatamodel; path = TaskModel.xcdatamodel; sourceTree = "<group>"; };
		631315BA2D7DDBBE0030D446 /* CalendarTaskRowWithActions.swift */ = {isa = PBXFileReference; lastKnownFileType = sourcecode.swift; path = CalendarTaskRowWithActions.swift; sourceTree = "<group>"; };
		631315BC2D7DE21E0030D446 /* MainTaskRowWithActions.swift */ = {isa = PBXFileReference; lastKnownFileType = sourcecode.swift; path = MainTaskRowWithActions.swift; sourceTree = "<group>"; };
		632D0DCF2D36B9700071684D /* TaskManagementModel.swift */ = {isa = PBXFileReference; lastKnownFileType = sourcecode.swift; path = TaskManagementModel.swift; sourceTree = "<group>"; };
		632D0DD12D36BAEF0071684D /* CustomNavBar.swift */ = {isa = PBXFileReference; lastKnownFileType = sourcecode.swift; path = CustomNavBar.swift; sourceTree = "<group>"; };
		632D0DD32D36BB210071684D /* TaskManagementNavBar.swift */ = {isa = PBXFileReference; lastKnownFileType = sourcecode.swift; path = TaskManagementNavBar.swift; sourceTree = "<group>"; };
		632D0DD62D37D6D70071684D /* TaskManagementShareView.swift */ = {isa = PBXFileReference; lastKnownFileType = sourcecode.swift; path = TaskManagementShareView.swift; sourceTree = "<group>"; };
		632D0DD92D37E0A90071684D /* HeightReader.swift */ = {isa = PBXFileReference; lastKnownFileType = sourcecode.swift; path = HeightReader.swift; sourceTree = "<group>"; };
		6338FFA82D7C9FE400E9E4C2 /* PreviewData.swift */ = {isa = PBXFileReference; lastKnownFileType = sourcecode.swift; path = PreviewData.swift; sourceTree = "<group>"; };
		634877AB2D369B21009110B0 /* SettingFormRow.swift */ = {isa = PBXFileReference; lastKnownFileType = sourcecode.swift; path = SettingFormRow.swift; sourceTree = "<group>"; };
		635DBBB22D64E88D0050476C /* TaskSectionModel.swift */ = {isa = PBXFileReference; lastKnownFileType = sourcecode.swift; path = TaskSectionModel.swift; sourceTree = "<group>"; };
		635DBBB42D6A1E2C0050476C /* NavigationTransitionModifier.swift */ = {isa = PBXFileReference; lastKnownFileType = sourcecode.swift; path = NavigationTransitionModifier.swift; sourceTree = "<group>"; };
		635FEF552D24B715007FFBBA /* ToDoNotes.app */ = {isa = PBXFileReference; explicitFileType = wrapper.application; includeInIndex = 0; path = ToDoNotes.app; sourceTree = BUILT_PRODUCTS_DIR; };
		635FEF662D24B71C007FFBBA /* Preview Assets.xcassets */ = {isa = PBXFileReference; lastKnownFileType = folder.assetcatalog; path = "Preview Assets.xcassets"; sourceTree = "<group>"; };
		635FEF682D24B71C007FFBBA /* Assets.xcassets */ = {isa = PBXFileReference; lastKnownFileType = folder.assetcatalog; path = Assets.xcassets; sourceTree = "<group>"; };
		635FEF6A2D24B71C007FFBBA /* ToDoNotesApp.swift */ = {isa = PBXFileReference; lastKnownFileType = sourcecode.swift; path = ToDoNotesApp.swift; sourceTree = "<group>"; };
		635FEF7C2D24BB65007FFBBA /* SplashScreenView.swift */ = {isa = PBXFileReference; lastKnownFileType = sourcecode.swift; path = SplashScreenView.swift; sourceTree = "<group>"; };
		635FEF7F2D24BCEB007FFBBA /* ColorExtension.swift */ = {isa = PBXFileReference; lastKnownFileType = sourcecode.swift; path = ColorExtension.swift; sourceTree = "<group>"; };
		635FEF812D24BEA2007FFBBA /* ImageExtension.swift */ = {isa = PBXFileReference; lastKnownFileType = sourcecode.swift; path = ImageExtension.swift; sourceTree = "<group>"; };
		635FEF832D24C172007FFBBA /* Labels.swift */ = {isa = PBXFileReference; lastKnownFileType = sourcecode.swift; path = Labels.swift; sourceTree = "<group>"; };
		635FEF852D24C255007FFBBA /* OnboardingScreenModel.swift */ = {isa = PBXFileReference; lastKnownFileType = sourcecode.swift; path = OnboardingScreenModel.swift; sourceTree = "<group>"; };
		635FEF872D24C366007FFBBA /* OnboardingScreenViewModel.swift */ = {isa = PBXFileReference; lastKnownFileType = sourcecode.swift; path = OnboardingScreenViewModel.swift; sourceTree = "<group>"; };
		63645A5D2D383890000095D3 /* TextFieldDelegate.swift */ = {isa = PBXFileReference; lastKnownFileType = sourcecode.swift; path = TextFieldDelegate.swift; sourceTree = "<group>"; };
		6377871C2D75E99B006DE892 /* FullSwipeNavigationStack.swift */ = {isa = PBXFileReference; lastKnownFileType = sourcecode.swift; path = FullSwipeNavigationStack.swift; sourceTree = "<group>"; };
		6377871E2D76008C006DE892 /* SettingAppearanceView.swift */ = {isa = PBXFileReference; lastKnownFileType = sourcecode.swift; path = SettingAppearanceView.swift; sourceTree = "<group>"; };
		6378A7522D3EB6A200C1B858 /* ImmediateKeyboardModifier.swift */ = {isa = PBXFileReference; lastKnownFileType = sourcecode.swift; path = ImmediateKeyboardModifier.swift; sourceTree = "<group>"; };
		6378A7542D3FCBDA00C1B858 /* TaskDateSelectorView.swift */ = {isa = PBXFileReference; lastKnownFileType = sourcecode.swift; path = TaskDateSelectorView.swift; sourceTree = "<group>"; };
		637B9F452D2959960010F13B /* FilterModel.swift */ = {isa = PBXFileReference; lastKnownFileType = sourcecode.swift; path = FilterModel.swift; sourceTree = "<group>"; };
		637B9F472D295A4D0010F13B /* FolderModel.swift */ = {isa = PBXFileReference; lastKnownFileType = sourcecode.swift; path = FolderModel.swift; sourceTree = "<group>"; };
		637B9F4B2D295B270010F13B /* MainView.swift */ = {isa = PBXFileReference; lastKnownFileType = sourcecode.swift; path = MainView.swift; sourceTree = "<group>"; };
		637B9F4D2D295B440010F13B /* MainViewModel.swift */ = {isa = PBXFileReference; lastKnownFileType = sourcecode.swift; path = MainViewModel.swift; sourceTree = "<group>"; };
		637B9F502D295B7F0010F13B /* MainNavigationBar.swift */ = {isa = PBXFileReference; lastKnownFileType = sourcecode.swift; path = MainNavigationBar.swift; sourceTree = "<group>"; };
		637B9F572D2969940010F13B /* TodayView.swift */ = {isa = PBXFileReference; lastKnownFileType = sourcecode.swift; path = TodayView.swift; sourceTree = "<group>"; };
		637B9F592D2969AC0010F13B /* CalendarView.swift */ = {isa = PBXFileReference; lastKnownFileType = sourcecode.swift; path = CalendarView.swift; sourceTree = "<group>"; };
		637B9F5B2D2969C30010F13B /* SettingsView.swift */ = {isa = PBXFileReference; lastKnownFileType = sourcecode.swift; path = SettingsView.swift; sourceTree = "<group>"; };
		637B9F5E2D296F3A0010F13B /* TabRouter.swift */ = {isa = PBXFileReference; lastKnownFileType = sourcecode.swift; path = TabRouter.swift; sourceTree = "<group>"; };
		637B9F602D296FA90010F13B /* ContentView.swift */ = {isa = PBXFileReference; lastKnownFileType = sourcecode.swift; path = ContentView.swift; sourceTree = "<group>"; };
		637B9F622D29702B0010F13B /* TabItems.swift */ = {isa = PBXFileReference; lastKnownFileType = sourcecode.swift; path = TabItems.swift; sourceTree = "<group>"; };
		637B9F652D2974E40010F13B /* FilterScrollView.swift */ = {isa = PBXFileReference; lastKnownFileType = sourcecode.swift; path = FilterScrollView.swift; sourceTree = "<group>"; };
		637B9F682D29754F0010F13B /* FilterCell.swift */ = {isa = PBXFileReference; lastKnownFileType = sourcecode.swift; path = FilterCell.swift; sourceTree = "<group>"; };
		638E21952D2C209200FB1464 /* TaskManagementView.swift */ = {isa = PBXFileReference; lastKnownFileType = sourcecode.swift; path = TaskManagementView.swift; sourceTree = "<group>"; };
		6396C80F2D7DC8B70046DB14 /* TodayTaskRowWithActions.swift */ = {isa = PBXFileReference; lastKnownFileType = sourcecode.swift; path = TodayTaskRowWithActions.swift; sourceTree = "<group>"; };
		63A092882D7BA0540026A64D /* ToastView.swift */ = {isa = PBXFileReference; lastKnownFileType = sourcecode.swift; path = ToastView.swift; sourceTree = "<group>"; };
		63A0928B2D7C5EC30026A64D /* ToastModel.swift */ = {isa = PBXFileReference; lastKnownFileType = sourcecode.swift; path = ToastModel.swift; sourceTree = "<group>"; };
		63A0928D2D7C5EEF0026A64D /* RootView.swift */ = {isa = PBXFileReference; lastKnownFileType = sourcecode.swift; path = RootView.swift; sourceTree = "<group>"; };
		63A092902D7C5F340026A64D /* ToastViewModel.swift */ = {isa = PBXFileReference; lastKnownFileType = sourcecode.swift; path = ToastViewModel.swift; sourceTree = "<group>"; };
		63A092932D7C60E00026A64D /* CoreDataProvider.swift */ = {isa = PBXFileReference; lastKnownFileType = sourcecode.swift; path = CoreDataProvider.swift; sourceTree = "<group>"; };
		63A092952D7C63470026A64D /* TaskService.swift */ = {isa = PBXFileReference; lastKnownFileType = sourcecode.swift; path = TaskService.swift; sourceTree = "<group>"; };
		63A3FE772D85917200FE4896 /* SwipeToDismiss.swift */ = {isa = PBXFileReference; lastKnownFileType = sourcecode.swift; path = SwipeToDismiss.swift; sourceTree = "<group>"; };
		63A3FE7D2D85945800FE4896 /* TrackableScrollView.swift */ = {isa = PBXFileReference; lastKnownFileType = sourcecode.swift; path = TrackableScrollView.swift; sourceTree = "<group>"; };
		63A5B6632D4937D100B0E408 /* TaskCalendarSelectorView.swift */ = {isa = PBXFileReference; lastKnownFileType = sourcecode.swift; path = TaskCalendarSelectorView.swift; sourceTree = "<group>"; };
		63A5B6662D493C3700B0E408 /* TaskCustomCalendar.swift */ = {isa = PBXFileReference; lastKnownFileType = sourcecode.swift; path = TaskCustomCalendar.swift; sourceTree = "<group>"; };
		63A5B6682D49446800B0E408 /* TaskDateParamRow.swift */ = {isa = PBXFileReference; lastKnownFileType = sourcecode.swift; path = TaskDateParamRow.swift; sourceTree = "<group>"; };
		63AE657C2D71F9E6009A3541 /* SettingTaskCreateView.swift */ = {isa = PBXFileReference; lastKnownFileType = sourcecode.swift; path = SettingTaskCreateView.swift; sourceTree = "<group>"; };
		63AE657E2D721728009A3541 /* TaskCreationPageModel.swift */ = {isa = PBXFileReference; lastKnownFileType = sourcecode.swift; path = TaskCreationPageModel.swift; sourceTree = "<group>"; };
		63AE65822D721AED009A3541 /* SettingAboutPageView.swift */ = {isa = PBXFileReference; lastKnownFileType = sourcecode.swift; path = SettingAboutPageView.swift; sourceTree = "<group>"; };
		63AE65872D73181A009A3541 /* CustomNavLink.swift */ = {isa = PBXFileReference; lastKnownFileType = sourcecode.swift; path = CustomNavLink.swift; sourceTree = "<group>"; };
		63AE65892D731A15009A3541 /* CustomNavBarContainerView.swift */ = {isa = PBXFileReference; lastKnownFileType = sourcecode.swift; path = CustomNavBarContainerView.swift; sourceTree = "<group>"; };
		63AE658B2D731ED6009A3541 /* CustomNavBarPreferenceKeys.swift */ = {isa = PBXFileReference; lastKnownFileType = sourcecode.swift; path = CustomNavBarPreferenceKeys.swift; sourceTree = "<group>"; };
		63BCD8AF2D77298D0016950F /* PopView.swift */ = {isa = PBXFileReference; lastKnownFileType = sourcecode.swift; path = PopView.swift; sourceTree = "<group>"; };
		63BCD8B12D77400D0016950F /* AlertView.swift */ = {isa = PBXFileReference; lastKnownFileType = sourcecode.swift; path = AlertView.swift; sourceTree = "<group>"; };
		63BCD8B42D7B66680016950F /* SearchBar.swift */ = {isa = PBXFileReference; lastKnownFileType = sourcecode.swift; path = SearchBar.swift; sourceTree = "<group>"; };
		63CD66972D367EBD0053C93C /* TaskManagementViewModel.swift */ = {isa = PBXFileReference; lastKnownFileType = sourcecode.swift; path = TaskManagementViewModel.swift; sourceTree = "<group>"; };
		63D9A1B92D50F2F2008454E9 /* UserNotificationCenterExtension.swift */ = {isa = PBXFileReference; lastKnownFileType = sourcecode.swift; path = UserNotificationCenterExtension.swift; sourceTree = "<group>"; };
		63DA81012D24C822005CEECB /* OnboardingScreenView.swift */ = {isa = PBXFileReference; lastKnownFileType = sourcecode.swift; path = OnboardingScreenView.swift; sourceTree = "<group>"; };
		63DA81032D24CE44005CEECB /* ViewExtension.swift */ = {isa = PBXFileReference; lastKnownFileType = sourcecode.swift; path = ViewExtension.swift; sourceTree = "<group>"; };
		63DA81382D24D170005CEECB /* Info.plist */ = {isa = PBXFileReference; lastKnownFileType = text.plist.xml; path = Info.plist; sourceTree = "<group>"; };
		63DE01112D567D92002A5C4F /* CalendarMonthSelector.swift */ = {isa = PBXFileReference; lastKnownFileType = sourcecode.swift; path = CalendarMonthSelector.swift; sourceTree = "<group>"; };
		63E870E62D54F44500699091 /* ViewGlow.swift */ = {isa = PBXFileReference; lastKnownFileType = sourcecode.swift; path = ViewGlow.swift; sourceTree = "<group>"; };
		63E870E82D55312200699091 /* ResetMessageModel.swift */ = {isa = PBXFileReference; lastKnownFileType = sourcecode.swift; path = ResetMessageModel.swift; sourceTree = "<group>"; };
		63E890C92D347655003D7370 /* TaskListRow.swift */ = {isa = PBXFileReference; lastKnownFileType = sourcecode.swift; path = TaskListRow.swift; sourceTree = "<group>"; };
		63F6C6F62D29B41E00716AB0 /* FolderCell.swift */ = {isa = PBXFileReference; lastKnownFileType = sourcecode.swift; path = FolderCell.swift; sourceTree = "<group>"; };
		63F6C6F82D29B78400716AB0 /* FoldersScrollView.swift */ = {isa = PBXFileReference; lastKnownFileType = sourcecode.swift; path = FoldersScrollView.swift; sourceTree = "<group>"; };
		63F6C6FD2D2A9FF500716AB0 /* TodayNavBar.swift */ = {isa = PBXFileReference; lastKnownFileType = sourcecode.swift; path = TodayNavBar.swift; sourceTree = "<group>"; };
		63F6C6FF2D2AA01300716AB0 /* TodayViewModel.swift */ = {isa = PBXFileReference; lastKnownFileType = sourcecode.swift; path = TodayViewModel.swift; sourceTree = "<group>"; };
		63F6C7012D2AA37F00716AB0 /* DateFormatter.swift */ = {isa = PBXFileReference; lastKnownFileType = sourcecode.swift; path = DateFormatter.swift; sourceTree = "<group>"; };
		63F6C7042D2AA94B00716AB0 /* ThemeModel.swift */ = {isa = PBXFileReference; lastKnownFileType = sourcecode.swift; path = ThemeModel.swift; sourceTree = "<group>"; };
		63F6C7072D2AAA0500716AB0 /* SettingsViewModel.swift */ = {isa = PBXFileReference; lastKnownFileType = sourcecode.swift; path = SettingsViewModel.swift; sourceTree = "<group>"; };
		63F6C70B2D2AAAA000716AB0 /* AboutAppView.swift */ = {isa = PBXFileReference; lastKnownFileType = sourcecode.swift; path = AboutAppView.swift; sourceTree = "<group>"; };
		63F6C70D2D2AAD0100716AB0 /* SettingsNavBar.swift */ = {isa = PBXFileReference; lastKnownFileType = sourcecode.swift; path = SettingsNavBar.swift; sourceTree = "<group>"; };
		63F6C7112D2AB71200716AB0 /* CalendarNavBar.swift */ = {isa = PBXFileReference; lastKnownFileType = sourcecode.swift; path = CalendarNavBar.swift; sourceTree = "<group>"; };
		63F6C7142D2AB99000716AB0 /* CalendarViewModel.swift */ = {isa = PBXFileReference; lastKnownFileType = sourcecode.swift; path = CalendarViewModel.swift; sourceTree = "<group>"; };
		63F6C7162D2ABE6700716AB0 /* CustomCalendarView.swift */ = {isa = PBXFileReference; lastKnownFileType = sourcecode.swift; path = CustomCalendarView.swift; sourceTree = "<group>"; };
		63F6C7192D2AF3B900716AB0 /* CustomCalendarCell.swift */ = {isa = PBXFileReference; lastKnownFileType = sourcecode.swift; path = CustomCalendarCell.swift; sourceTree = "<group>"; };
		63F6C71B2D2B199700716AB0 /* CustomCalendarModel.swift */ = {isa = PBXFileReference; lastKnownFileType = sourcecode.swift; path = CustomCalendarModel.swift; sourceTree = "<group>"; };
		63F6C71E2D2B1E5200716AB0 /* CalendarTaskFormPlaceholder.swift */ = {isa = PBXFileReference; lastKnownFileType = sourcecode.swift; path = CalendarTaskFormPlaceholder.swift; sourceTree = "<group>"; };
		63F849452D38145E00E9D5CE /* TaskChecklistView.swift */ = {isa = PBXFileReference; lastKnownFileType = sourcecode.swift; path = TaskChecklistView.swift; sourceTree = "<group>"; };
		63FB4F272D31577A007FA140 /* ToDoNotes.entitlements */ = {isa = PBXFileReference; lastKnownFileType = text.plist.entitlements; path = ToDoNotes.entitlements; sourceTree = "<group>"; };
/* End PBXFileReference section */

/* Begin PBXFrameworksBuildPhase section */
		635FEF522D24B715007FFBBA /* Frameworks */ = {
			isa = PBXFrameworksBuildPhase;
			buildActionMask = 2147483647;
			files = (
				63C5A8CF2D31BECD00154101 /* GoogleSignIn in Frameworks */,
				63C5A8D12D31BECD00154101 /* GoogleSignInSwift in Frameworks */,
				63958D2D2D33D8FE00A1913A /* SwiftUIPager in Frameworks */,
				63645A5C2D3836FB000095D3 /* SwiftUIIntrospect in Frameworks */,
			);
			runOnlyForDeploymentPostprocessing = 0;
		};
/* End PBXFrameworksBuildPhase section */

/* Begin PBXGroup section */
		6303E2C82D3469DC0096DB64 /* CoreData */ = {
			isa = PBXGroup;
			children = (
				635DBBB02D64E8660050476C /* Model */,
				635DBBB12D64E8710050476C /* Services */,
				636C53E12D7E79370096F436 /* PreviewData */,
			);
			path = CoreData;
			sourceTree = "<group>";
		};
		632D0DCE2D36B96C0071684D /* Model */ = {
			isa = PBXGroup;
			children = (
				632D0DCF2D36B9700071684D /* TaskManagementModel.swift */,
				63645A5D2D383890000095D3 /* TextFieldDelegate.swift */,
			);
			path = Model;
			sourceTree = "<group>";
		};
		632D0DD52D37D6880071684D /* SupportViews */ = {
			isa = PBXGroup;
			children = (
				63E890C92D347655003D7370 /* TaskListRow.swift */,
				632D0DD32D36BB210071684D /* TaskManagementNavBar.swift */,
				632D0DD62D37D6D70071684D /* TaskManagementShareView.swift */,
				63F849452D38145E00E9D5CE /* TaskChecklistView.swift */,
			);
			path = SupportViews;
			sourceTree = "<group>";
		};
		632D0DD82D37E0990071684D /* Modifiers */ = {
			isa = PBXGroup;
			children = (
				63A3FE772D85917200FE4896 /* SwipeToDismiss.swift */,
				63E870E62D54F44500699091 /* ViewGlow.swift */,
				632D0DD92D37E0A90071684D /* HeightReader.swift */,
			);
			path = Modifiers;
			sourceTree = "<group>";
		};
		634877AF2D36A168009110B0 /* NavigationViews */ = {
			isa = PBXGroup;
			children = (
				63AE657C2D71F9E6009A3541 /* SettingTaskCreateView.swift */,
				63AE65822D721AED009A3541 /* SettingAboutPageView.swift */,
			);
			path = NavigationViews;
			sourceTree = "<group>";
		};
		635DBBB02D64E8660050476C /* Model */ = {
			isa = PBXGroup;
			children = (
				635DBBB22D64E88D0050476C /* TaskSectionModel.swift */,
				6303E2D02D346BBF0096DB64 /* TaskModel.xcdatamodeld */,
			);
			path = Model;
			sourceTree = "<group>";
		};
		635DBBB12D64E8710050476C /* Services */ = {
			isa = PBXGroup;
			children = (
				63A092932D7C60E00026A64D /* CoreDataProvider.swift */,
				63A092952D7C63470026A64D /* TaskService.swift */,
				6303E2C92D3469FE0096DB64 /* CoreDataViewModel.swift */,
			);
			path = Services;
			sourceTree = "<group>";
		};
		635FEF4C2D24B715007FFBBA = {
			isa = PBXGroup;
			children = (
				635FEF6B2D24B71C007FFBBA /* ToDoNotes */,
				635FEF562D24B715007FFBBA /* Products */,
			);
			sourceTree = "<group>";
		};
		635FEF562D24B715007FFBBA /* Products */ = {
			isa = PBXGroup;
			children = (
				635FEF552D24B715007FFBBA /* ToDoNotes.app */,
			);
			name = Products;
			sourceTree = "<group>";
		};
		635FEF672D24B71C007FFBBA /* Preview Content */ = {
			isa = PBXGroup;
			children = (
				635FEF662D24B71C007FFBBA /* Preview Assets.xcassets */,
			);
			path = "Preview Content";
			sourceTree = "<group>";
		};
		635FEF6B2D24B71C007FFBBA /* ToDoNotes */ = {
			isa = PBXGroup;
			children = (
				635FEF712D24B72E007FFBBA /* Application */,
				6303E2C82D3469DC0096DB64 /* CoreData */,
				637B9F5D2D296F290010F13B /* Router */,
				635FEF732D24BAA1007FFBBA /* OpeningModule */,
				635FEF742D24BAC2007FFBBA /* MainModule */,
				637B9F522D29695D0010F13B /* TodayModule */,
				637B9F532D29696B0010F13B /* CalendarModule */,
				637B9F542D2969750010F13B /* SettingsModule */,
				638E21932D2C206400FB1464 /* TaskManagementModule */,
				63BCD8AD2D7729460016950F /* Helpers */,
				632D0DD82D37E0990071684D /* Modifiers */,
				635FEF7E2D24BCDE007FFBBA /* Extensions */,
				635FEF752D24BAD1007FFBBA /* SupportFiles */,
				635FEF672D24B71C007FFBBA /* Preview Content */,
				63DA81382D24D170005CEECB /* Info.plist */,
				63FB4F272D31577A007FA140 /* ToDoNotes.entitlements */,
			);
			path = ToDoNotes;
			sourceTree = "<group>";
		};
		635FEF712D24B72E007FFBBA /* Application */ = {
			isa = PBXGroup;
			children = (
				635FEF6A2D24B71C007FFBBA /* ToDoNotesApp.swift */,
			);
			path = Application;
			sourceTree = "<group>";
		};
		635FEF732D24BAA1007FFBBA /* OpeningModule */ = {
			isa = PBXGroup;
			children = (
				635FEF7A2D24BB3E007FFBBA /* SplashSection */,
				635FEF7B2D24BB51007FFBBA /* OnboardingSection */,
			);
			path = OpeningModule;
			sourceTree = "<group>";
		};
		635FEF742D24BAC2007FFBBA /* MainModule */ = {
			isa = PBXGroup;
			children = (
				637B9F442D29598F0010F13B /* Model */,
				637B9F492D295B110010F13B /* View */,
				637B9F4A2D295B180010F13B /* ViewModel */,
			);
			path = MainModule;
			sourceTree = "<group>";
		};
		635FEF752D24BAD1007FFBBA /* SupportFiles */ = {
			isa = PBXGroup;
			children = (
				635FEF682D24B71C007FFBBA /* Assets.xcassets */,
			);
			path = SupportFiles;
			sourceTree = "<group>";
		};
		635FEF772D24BB14007FFBBA /* Model */ = {
			isa = PBXGroup;
			children = (
				635FEF852D24C255007FFBBA /* OnboardingScreenModel.swift */,
			);
			path = Model;
			sourceTree = "<group>";
		};
		635FEF782D24BB18007FFBBA /* View */ = {
			isa = PBXGroup;
			children = (
				63DA81012D24C822005CEECB /* OnboardingScreenView.swift */,
			);
			path = View;
			sourceTree = "<group>";
		};
		635FEF792D24BB1C007FFBBA /* ViewModel */ = {
			isa = PBXGroup;
			children = (
				635FEF872D24C366007FFBBA /* OnboardingScreenViewModel.swift */,
				6303E2C12D3404FD0096DB64 /* AuthorizationViewModel.swift */,
			);
			path = ViewModel;
			sourceTree = "<group>";
		};
		635FEF7A2D24BB3E007FFBBA /* SplashSection */ = {
			isa = PBXGroup;
			children = (
				635FEF7C2D24BB65007FFBBA /* SplashScreenView.swift */,
			);
			path = SplashSection;
			sourceTree = "<group>";
		};
		635FEF7B2D24BB51007FFBBA /* OnboardingSection */ = {
			isa = PBXGroup;
			children = (
				635FEF772D24BB14007FFBBA /* Model */,
				635FEF782D24BB18007FFBBA /* View */,
				635FEF792D24BB1C007FFBBA /* ViewModel */,
			);
			path = OnboardingSection;
			sourceTree = "<group>";
		};
		635FEF7E2D24BCDE007FFBBA /* Extensions */ = {
			isa = PBXGroup;
			children = (
				635FEF7F2D24BCEB007FFBBA /* ColorExtension.swift */,
				635FEF812D24BEA2007FFBBA /* ImageExtension.swift */,
				635FEF832D24C172007FFBBA /* Labels.swift */,
				63F6C7012D2AA37F00716AB0 /* DateFormatter.swift */,
				63D9A1B92D50F2F2008454E9 /* UserNotificationCenterExtension.swift */,
				63DA81032D24CE44005CEECB /* ViewExtension.swift */,
				6303E2BF2D33FF770096DB64 /* RootViewControllerMethods.swift */,
				6377871C2D75E99B006DE892 /* FullSwipeNavigationStack.swift */,
			);
			path = Extensions;
			sourceTree = "<group>";
		};
		636C53E12D7E79370096F436 /* PreviewData */ = {
			isa = PBXGroup;
			children = (
				6338FFA82D7C9FE400E9E4C2 /* PreviewData.swift */,
			);
			path = PreviewData;
			sourceTree = "<group>";
		};
		6378A7512D3EB69D00C1B858 /* Modifiers */ = {
			isa = PBXGroup;
			children = (
				635DBBB42D6A1E2C0050476C /* NavigationTransitionModifier.swift */,
				6378A7522D3EB6A200C1B858 /* ImmediateKeyboardModifier.swift */,
			);
			path = Modifiers;
			sourceTree = "<group>";
		};
		637B9F442D29598F0010F13B /* Model */ = {
			isa = PBXGroup;
			children = (
				637B9F452D2959960010F13B /* FilterModel.swift */,
				637B9F472D295A4D0010F13B /* FolderModel.swift */,
			);
			path = Model;
			sourceTree = "<group>";
		};
		637B9F492D295B110010F13B /* View */ = {
			isa = PBXGroup;
			children = (
				637B9F4B2D295B270010F13B /* MainView.swift */,
				637B9F4F2D295B610010F13B /* Subviews */,
				637B9F672D2975370010F13B /* Filter */,
				63F6C6F52D29B40600716AB0 /* Folders */,
			);
			path = View;
			sourceTree = "<group>";
		};
		637B9F4A2D295B180010F13B /* ViewModel */ = {
			isa = PBXGroup;
			children = (
				637B9F4D2D295B440010F13B /* MainViewModel.swift */,
			);
			path = ViewModel;
			sourceTree = "<group>";
		};
		637B9F4F2D295B610010F13B /* Subviews */ = {
			isa = PBXGroup;
			children = (
				637B9F502D295B7F0010F13B /* MainNavigationBar.swift */,
				631315BC2D7DE21E0030D446 /* MainTaskRowWithActions.swift */,
			);
			path = Subviews;
			sourceTree = "<group>";
		};
		637B9F522D29695D0010F13B /* TodayModule */ = {
			isa = PBXGroup;
			children = (
				63F6C6FB2D2A9FCA00716AB0 /* View */,
				63F6C6FA2D2A9FBA00716AB0 /* ViewModel */,
			);
			path = TodayModule;
			sourceTree = "<group>";
		};
		637B9F532D29696B0010F13B /* CalendarModule */ = {
			isa = PBXGroup;
			children = (
				63F6C71D2D2B19AF00716AB0 /* Model */,
				63F6C70F2D2AB6EE00716AB0 /* View */,
				63F6C7132D2AB98200716AB0 /* ViewModel */,
			);
			path = CalendarModule;
			sourceTree = "<group>";
		};
		637B9F542D2969750010F13B /* SettingsModule */ = {
			isa = PBXGroup;
			children = (
				63F6C7032D2AA94500716AB0 /* Model */,
				63F6C7092D2AAA7C00716AB0 /* View */,
				63F6C7062D2AA9FA00716AB0 /* ViewModel */,
			);
			path = SettingsModule;
			sourceTree = "<group>";
		};
		637B9F5D2D296F290010F13B /* Router */ = {
			isa = PBXGroup;
			children = (
				637B9F622D29702B0010F13B /* TabItems.swift */,
				637B9F5E2D296F3A0010F13B /* TabRouter.swift */,
				63A0928D2D7C5EEF0026A64D /* RootView.swift */,
				637B9F602D296FA90010F13B /* ContentView.swift */,
			);
			path = Router;
			sourceTree = "<group>";
		};
		637B9F672D2975370010F13B /* Filter */ = {
			isa = PBXGroup;
			children = (
				637B9F652D2974E40010F13B /* FilterScrollView.swift */,
				637B9F682D29754F0010F13B /* FilterCell.swift */,
			);
			path = Filter;
			sourceTree = "<group>";
		};
		638E21932D2C206400FB1464 /* TaskManagementModule */ = {
			isa = PBXGroup;
			children = (
				632D0DCE2D36B96C0071684D /* Model */,
				638E21942D2C208300FB1464 /* View */,
				63CD66962D367EB50053C93C /* ViewModel */,
			);
			path = TaskManagementModule;
			sourceTree = "<group>";
		};
		638E21942D2C208300FB1464 /* View */ = {
			isa = PBXGroup;
			children = (
				638E21952D2C209200FB1464 /* TaskManagementView.swift */,
				632D0DD52D37D6880071684D /* SupportViews */,
				63A5B6652D4939DB00B0E408 /* DateSelector */,
				6378A7512D3EB69D00C1B858 /* Modifiers */,
			);
			path = View;
			sourceTree = "<group>";
		};
		63A092872D7BA02C0026A64D /* InternalNotifications */ = {
			isa = PBXGroup;
			children = (
				63A0928A2D7C5E600026A64D /* Model */,
				63A092922D7C5FEF0026A64D /* View */,
				63A0928F2D7C5F270026A64D /* ViewModel */,
			);
			path = InternalNotifications;
			sourceTree = "<group>";
		};
		63A0928A2D7C5E600026A64D /* Model */ = {
			isa = PBXGroup;
			children = (
				63A0928B2D7C5EC30026A64D /* ToastModel.swift */,
			);
			path = Model;
			sourceTree = "<group>";
		};
		63A0928F2D7C5F270026A64D /* ViewModel */ = {
			isa = PBXGroup;
			children = (
				63A092902D7C5F340026A64D /* ToastViewModel.swift */,
			);
			path = ViewModel;
			sourceTree = "<group>";
		};
		63A092922D7C5FEF0026A64D /* View */ = {
			isa = PBXGroup;
			children = (
				63A092882D7BA0540026A64D /* ToastView.swift */,
			);
			path = View;
			sourceTree = "<group>";
		};
		63A3FE7E2D85945800FE4896 /* TrackableScrollView */ = {
			isa = PBXGroup;
			children = (
				63A3FE7D2D85945800FE4896 /* TrackableScrollView.swift */,
			);
			path = TrackableScrollView;
			sourceTree = "<group>";
		};
		63A5B6652D4939DB00B0E408 /* DateSelector */ = {
			isa = PBXGroup;
			children = (
				63A5B6632D4937D100B0E408 /* TaskCalendarSelectorView.swift */,
				63A5B6662D493C3700B0E408 /* TaskCustomCalendar.swift */,
				63A5B6682D49446800B0E408 /* TaskDateParamRow.swift */,
				6378A7542D3FCBDA00C1B858 /* TaskDateSelectorView.swift */,
			);
			path = DateSelector;
			sourceTree = "<group>";
		};
		63AE658E2D73291F009A3541 /* CustomNavigationBar */ = {
			isa = PBXGroup;
			children = (
				632D0DD12D36BAEF0071684D /* CustomNavBar.swift */,
				63AE65892D731A15009A3541 /* CustomNavBarContainerView.swift */,
				63AE65872D73181A009A3541 /* CustomNavLink.swift */,
				63AE658B2D731ED6009A3541 /* CustomNavBarPreferenceKeys.swift */,
			);
			path = CustomNavigationBar;
			sourceTree = "<group>";
		};
		63BCD8AD2D7729460016950F /* Helpers */ = {
			isa = PBXGroup;
			children = (
				63A3FE7E2D85945800FE4896 /* TrackableScrollView */,
				63A092872D7BA02C0026A64D /* InternalNotifications */,
				63BCD8B32D7B665C0016950F /* SearchBar */,
				63BCD8AE2D7729730016950F /* AlertPopView */,
				63AE658E2D73291F009A3541 /* CustomNavigationBar */,
			);
			path = Helpers;
			sourceTree = "<group>";
		};
		63BCD8AE2D7729730016950F /* AlertPopView */ = {
			isa = PBXGroup;
			children = (
				63BCD8AF2D77298D0016950F /* PopView.swift */,
				63BCD8B12D77400D0016950F /* AlertView.swift */,
			);
			path = AlertPopView;
			sourceTree = "<group>";
		};
		63BCD8B32D7B665C0016950F /* SearchBar */ = {
			isa = PBXGroup;
			children = (
				63BCD8B42D7B66680016950F /* SearchBar.swift */,
			);
			path = SearchBar;
			sourceTree = "<group>";
		};
		63CD66962D367EB50053C93C /* ViewModel */ = {
			isa = PBXGroup;
			children = (
				63CD66972D367EBD0053C93C /* TaskManagementViewModel.swift */,
			);
			path = ViewModel;
			sourceTree = "<group>";
		};
		63F6C6F52D29B40600716AB0 /* Folders */ = {
			isa = PBXGroup;
			children = (
				63F6C6F82D29B78400716AB0 /* FoldersScrollView.swift */,
				63F6C6F62D29B41E00716AB0 /* FolderCell.swift */,
			);
			path = Folders;
			sourceTree = "<group>";
		};
		63F6C6FA2D2A9FBA00716AB0 /* ViewModel */ = {
			isa = PBXGroup;
			children = (
				63F6C6FF2D2AA01300716AB0 /* TodayViewModel.swift */,
			);
			path = ViewModel;
			sourceTree = "<group>";
		};
		63F6C6FB2D2A9FCA00716AB0 /* View */ = {
			isa = PBXGroup;
			children = (
				637B9F572D2969940010F13B /* TodayView.swift */,
				63F6C6FC2D2A9FD900716AB0 /* SubViews */,
			);
			path = View;
			sourceTree = "<group>";
		};
		63F6C6FC2D2A9FD900716AB0 /* SubViews */ = {
			isa = PBXGroup;
			children = (
				63F6C6FD2D2A9FF500716AB0 /* TodayNavBar.swift */,
				6396C80F2D7DC8B70046DB14 /* TodayTaskRowWithActions.swift */,
			);
			path = SubViews;
			sourceTree = "<group>";
		};
		63F6C7032D2AA94500716AB0 /* Model */ = {
			isa = PBXGroup;
			children = (
				63AE657E2D721728009A3541 /* TaskCreationPageModel.swift */,
				63E870E82D55312200699091 /* ResetMessageModel.swift */,
				63F6C7042D2AA94B00716AB0 /* ThemeModel.swift */,
			);
			path = Model;
			sourceTree = "<group>";
		};
		63F6C7062D2AA9FA00716AB0 /* ViewModel */ = {
			isa = PBXGroup;
			children = (
				63F6C7072D2AAA0500716AB0 /* SettingsViewModel.swift */,
			);
			path = ViewModel;
			sourceTree = "<group>";
		};
		63F6C7092D2AAA7C00716AB0 /* View */ = {
			isa = PBXGroup;
			children = (
				637B9F5B2D2969C30010F13B /* SettingsView.swift */,
				634877AF2D36A168009110B0 /* NavigationViews */,
				63F6C70A2D2AAA8500716AB0 /* Subviews */,
			);
			path = View;
			sourceTree = "<group>";
		};
		63F6C70A2D2AAA8500716AB0 /* Subviews */ = {
			isa = PBXGroup;
			children = (
				63F6C70B2D2AAAA000716AB0 /* AboutAppView.swift */,
				6377871E2D76008C006DE892 /* SettingAppearanceView.swift */,
				634877AB2D369B21009110B0 /* SettingFormRow.swift */,
				63F6C70D2D2AAD0100716AB0 /* SettingsNavBar.swift */,
			);
			path = Subviews;
			sourceTree = "<group>";
		};
		63F6C70F2D2AB6EE00716AB0 /* View */ = {
			isa = PBXGroup;
			children = (
				637B9F592D2969AC0010F13B /* CalendarView.swift */,
				63F6C7182D2AF38000716AB0 /* CustomCalendar */,
				63F6C7102D2AB6F700716AB0 /* Subviews */,
			);
			path = View;
			sourceTree = "<group>";
		};
		63F6C7102D2AB6F700716AB0 /* Subviews */ = {
			isa = PBXGroup;
			children = (
				63F6C7112D2AB71200716AB0 /* CalendarNavBar.swift */,
				631315BA2D7DDBBE0030D446 /* CalendarTaskRowWithActions.swift */,
				63F6C71E2D2B1E5200716AB0 /* CalendarTaskFormPlaceholder.swift */,
				63DE01112D567D92002A5C4F /* CalendarMonthSelector.swift */,
			);
			path = Subviews;
			sourceTree = "<group>";
		};
		63F6C7132D2AB98200716AB0 /* ViewModel */ = {
			isa = PBXGroup;
			children = (
				63F6C7142D2AB99000716AB0 /* CalendarViewModel.swift */,
			);
			path = ViewModel;
			sourceTree = "<group>";
		};
		63F6C7182D2AF38000716AB0 /* CustomCalendar */ = {
			isa = PBXGroup;
			children = (
				63F6C7162D2ABE6700716AB0 /* CustomCalendarView.swift */,
				63F6C7192D2AF3B900716AB0 /* CustomCalendarCell.swift */,
			);
			path = CustomCalendar;
			sourceTree = "<group>";
		};
		63F6C71D2D2B19AF00716AB0 /* Model */ = {
			isa = PBXGroup;
			children = (
				63F6C71B2D2B199700716AB0 /* CustomCalendarModel.swift */,
			);
			path = Model;
			sourceTree = "<group>";
		};
/* End PBXGroup section */

/* Begin PBXNativeTarget section */
		635FEF542D24B715007FFBBA /* ToDoNotes */ = {
			isa = PBXNativeTarget;
			buildConfigurationList = 635FEF632D24B717007FFBBA /* Build configuration list for PBXNativeTarget "ToDoNotes" */;
			buildPhases = (
				635FEF512D24B715007FFBBA /* Sources */,
				635FEF522D24B715007FFBBA /* Frameworks */,
				635FEF532D24B715007FFBBA /* Resources */,
				63645A522D383526000095D3 /* Embed Frameworks */,
			);
			buildRules = (
			);
			dependencies = (
			);
			name = ToDoNotes;
			packageProductDependencies = (
				63C5A8CE2D31BECD00154101 /* GoogleSignIn */,
				63C5A8D02D31BECD00154101 /* GoogleSignInSwift */,
				63958D2C2D33D8FE00A1913A /* SwiftUIPager */,
				63645A5B2D3836FB000095D3 /* SwiftUIIntrospect */,
			);
			productName = ToDoNotes;
			productReference = 635FEF552D24B715007FFBBA /* ToDoNotes.app */;
			productType = "com.apple.product-type.application";
		};
/* End PBXNativeTarget section */

/* Begin PBXProject section */
		635FEF4D2D24B715007FFBBA /* Project object */ = {
			isa = PBXProject;
			attributes = {
				BuildIndependentTargetsInParallel = 1;
				LastSwiftUpdateCheck = 1620;
				LastUpgradeCheck = 1620;
				TargetAttributes = {
					635FEF542D24B715007FFBBA = {
						CreatedOnToolsVersion = 16.2;
					};
				};
			};
			buildConfigurationList = 635FEF502D24B715007FFBBA /* Build configuration list for PBXProject "ToDoNotes" */;
			developmentRegion = en;
			hasScannedForEncodings = 0;
			knownRegions = (
				en,
				Base,
			);
			mainGroup = 635FEF4C2D24B715007FFBBA;
			minimizedProjectReferenceProxies = 1;
			packageReferences = (
				63C5A8CD2D31BECD00154101 /* XCRemoteSwiftPackageReference "GoogleSignIn-iOS" */,
				63958D2B2D33D8FE00A1913A /* XCRemoteSwiftPackageReference "SwiftUIPager" */,
				63645A5A2D3836FB000095D3 /* XCRemoteSwiftPackageReference "swiftui-introspect" */,
			);
			preferredProjectObjectVersion = 77;
			productRefGroup = 635FEF562D24B715007FFBBA /* Products */;
			projectDirPath = "";
			projectRoot = "";
			targets = (
				635FEF542D24B715007FFBBA /* ToDoNotes */,
			);
		};
/* End PBXProject section */

/* Begin PBXResourcesBuildPhase section */
		635FEF532D24B715007FFBBA /* Resources */ = {
			isa = PBXResourcesBuildPhase;
			buildActionMask = 2147483647;
			files = (
				635FEF6E2D24B71C007FFBBA /* Preview Assets.xcassets in Resources */,
				635FEF6F2D24B71C007FFBBA /* Assets.xcassets in Resources */,
			);
			runOnlyForDeploymentPostprocessing = 0;
		};
/* End PBXResourcesBuildPhase section */

/* Begin PBXSourcesBuildPhase section */
		635FEF512D24B715007FFBBA /* Sources */ = {
			isa = PBXSourcesBuildPhase;
			buildActionMask = 2147483647;
			files = (
				63A092962D7C634E0026A64D /* TaskService.swift in Sources */,
				6378A7532D3EB6B100C1B858 /* ImmediateKeyboardModifier.swift in Sources */,
				634877AC2D369B2C009110B0 /* SettingFormRow.swift in Sources */,
				63F6C7022D2AA38C00716AB0 /* DateFormatter.swift in Sources */,
				635DBBB52D6A1E4A0050476C /* NavigationTransitionModifier.swift in Sources */,
				6378A7552D3FCBE500C1B858 /* TaskDateSelectorView.swift in Sources */,
				635FEF862D24C25A007FFBBA /* OnboardingScreenModel.swift in Sources */,
				637B9F4C2D295B290010F13B /* MainView.swift in Sources */,
				6377871F2D7600A0006DE892 /* SettingAppearanceView.swift in Sources */,
				63F6C7122D2AB71900716AB0 /* CalendarNavBar.swift in Sources */,
				6303E2C22D3405040096DB64 /* AuthorizationViewModel.swift in Sources */,
				63F6C6F72D29B41E00716AB0 /* FolderCell.swift in Sources */,
				6303E2C02D33FF870096DB64 /* RootViewControllerMethods.swift in Sources */,
				637B9F5F2D296F3D0010F13B /* TabRouter.swift in Sources */,
				63A5B6692D49446800B0E408 /* TaskDateParamRow.swift in Sources */,
				63CD66982D367EC50053C93C /* TaskManagementViewModel.swift in Sources */,
				631315BD2D7DE21E0030D446 /* MainTaskRowWithActions.swift in Sources */,
				637B9F612D296FA90010F13B /* ContentView.swift in Sources */,
				637B9F5A2D2969AC0010F13B /* CalendarView.swift in Sources */,
				63AE65882D73181A009A3541 /* CustomNavLink.swift in Sources */,
				632D0DD42D36BB270071684D /* TaskManagementNavBar.swift in Sources */,
				63F6C71F2D2B1E5200716AB0 /* CalendarTaskFormPlaceholder.swift in Sources */,
				63F6C7052D2AA94F00716AB0 /* ThemeModel.swift in Sources */,
				63F6C7152D2AB99600716AB0 /* CalendarViewModel.swift in Sources */,
				63A092892D7BA05A0026A64D /* ToastView.swift in Sources */,
				6303E2CA2D346A070096DB64 /* CoreDataViewModel.swift in Sources */,
				63F6C71A2D2AF3B900716AB0 /* CustomCalendarCell.swift in Sources */,
				637B9F482D295A510010F13B /* FolderModel.swift in Sources */,
				637B9F462D29599B0010F13B /* FilterModel.swift in Sources */,
				637B9F5C2D2969C30010F13B /* SettingsView.swift in Sources */,
				63BCD8B22D77400D0016950F /* AlertView.swift in Sources */,
				63AE658C2D731EDF009A3541 /* CustomNavBarPreferenceKeys.swift in Sources */,
				632D0DD02D36B9760071684D /* TaskManagementModel.swift in Sources */,
				63F6C71C2D2B19A200716AB0 /* CustomCalendarModel.swift in Sources */,
				63A0928E2D7C5EF20026A64D /* RootView.swift in Sources */,
				63D9A1BA2D50F2FF008454E9 /* UserNotificationCenterExtension.swift in Sources */,
				635DBBB32D64E89A0050476C /* TaskSectionModel.swift in Sources */,
				63A5B6642D4937D100B0E408 /* TaskCalendarSelectorView.swift in Sources */,
				63DA81022D24C822005CEECB /* OnboardingScreenView.swift in Sources */,
				63BCD8B02D77298D0016950F /* PopView.swift in Sources */,
				637B9F4E2D295B490010F13B /* MainViewModel.swift in Sources */,
				63BCD8B52D7B666B0016950F /* SearchBar.swift in Sources */,
				63F849462D38145E00E9D5CE /* TaskChecklistView.swift in Sources */,
				63A3FE7F2D85945800FE4896 /* TrackableScrollView.swift in Sources */,
				63AE657D2D71F9E6009A3541 /* SettingTaskCreateView.swift in Sources */,
				63AE658A2D731A15009A3541 /* CustomNavBarContainerView.swift in Sources */,
				6377871D2D75E99B006DE892 /* FullSwipeNavigationStack.swift in Sources */,
				63A0928C2D7C5EC80026A64D /* ToastModel.swift in Sources */,
				63A5B6672D493C4200B0E408 /* TaskCustomCalendar.swift in Sources */,
				631315BB2D7DDBBE0030D446 /* CalendarTaskRowWithActions.swift in Sources */,
				63F6C6F92D29B78400716AB0 /* FoldersScrollView.swift in Sources */,
				635FEF6D2D24B71C007FFBBA /* ToDoNotesApp.swift in Sources */,
				637B9F662D2974E40010F13B /* FilterScrollView.swift in Sources */,
				6338FFA92D7C9FE900E9E4C2 /* PreviewData.swift in Sources */,
				63A3FE782D85917800FE4896 /* SwipeToDismiss.swift in Sources */,
				632D0DDA2D37E0AE0071684D /* HeightReader.swift in Sources */,
				63AE657F2D72172E009A3541 /* TaskCreationPageModel.swift in Sources */,
				63AE65832D721AED009A3541 /* SettingAboutPageView.swift in Sources */,
				63A092912D7C5F380026A64D /* ToastViewModel.swift in Sources */,
				632D0DD22D36BAF50071684D /* CustomNavBar.swift in Sources */,
				63F6C7082D2AAA0900716AB0 /* SettingsViewModel.swift in Sources */,
				63DA81042D24CE48005CEECB /* ViewExtension.swift in Sources */,
				63A092942D7C60E40026A64D /* CoreDataProvider.swift in Sources */,
				632D0DD72D37D6D70071684D /* TaskManagementShareView.swift in Sources */,
				63F6C7172D2ABE6700716AB0 /* CustomCalendarView.swift in Sources */,
				63E890CA2D347655003D7370 /* TaskListRow.swift in Sources */,
				63645A5E2D383897000095D3 /* TextFieldDelegate.swift in Sources */,
				637B9F692D29754F0010F13B /* FilterCell.swift in Sources */,
				63F6C7002D2AA01700716AB0 /* TodayViewModel.swift in Sources */,
				635FEF842D24C17B007FFBBA /* Labels.swift in Sources */,
				635FEF7D2D24BB70007FFBBA /* SplashScreenView.swift in Sources */,
				63F6C6FE2D2A9FF500716AB0 /* TodayNavBar.swift in Sources */,
				63E870E72D54F44D00699091 /* ViewGlow.swift in Sources */,
				6303E2D22D346BBF0096DB64 /* TaskModel.xcdatamodeld in Sources */,
				63DE01122D567D92002A5C4F /* CalendarMonthSelector.swift in Sources */,
				635FEF882D24C36E007FFBBA /* OnboardingScreenViewModel.swift in Sources */,
				637B9F512D295B7F0010F13B /* MainNavigationBar.swift in Sources */,
				6396C8102D7DC8B70046DB14 /* TodayTaskRowWithActions.swift in Sources */,
				635FEF822D24BEA6007FFBBA /* ImageExtension.swift in Sources */,
				638E21962D2C209200FB1464 /* TaskManagementView.swift in Sources */,
				63F6C70C2D2AAAA000716AB0 /* AboutAppView.swift in Sources */,
				637B9F582D2969940010F13B /* TodayView.swift in Sources */,
				63E870E92D55313000699091 /* ResetMessageModel.swift in Sources */,
				637B9F632D29702E0010F13B /* TabItems.swift in Sources */,
				63F6C70E2D2AAD0100716AB0 /* SettingsNavBar.swift in Sources */,
				635FEF802D24BCEF007FFBBA /* ColorExtension.swift in Sources */,
			);
			runOnlyForDeploymentPostprocessing = 0;
		};
/* End PBXSourcesBuildPhase section */

/* Begin XCBuildConfiguration section */
		635FEF612D24B717007FFBBA /* Debug */ = {
			isa = XCBuildConfiguration;
			buildSettings = {
				ALWAYS_SEARCH_USER_PATHS = NO;
				ASSETCATALOG_COMPILER_GENERATE_SWIFT_ASSET_SYMBOL_EXTENSIONS = YES;
				CLANG_ANALYZER_NONNULL = YES;
				CLANG_ANALYZER_NUMBER_OBJECT_CONVERSION = YES_AGGRESSIVE;
				CLANG_CXX_LANGUAGE_STANDARD = "gnu++20";
				CLANG_ENABLE_MODULES = YES;
				CLANG_ENABLE_OBJC_ARC = YES;
				CLANG_ENABLE_OBJC_WEAK = YES;
				CLANG_WARN_BLOCK_CAPTURE_AUTORELEASING = YES;
				CLANG_WARN_BOOL_CONVERSION = YES;
				CLANG_WARN_COMMA = YES;
				CLANG_WARN_CONSTANT_CONVERSION = YES;
				CLANG_WARN_DEPRECATED_OBJC_IMPLEMENTATIONS = YES;
				CLANG_WARN_DIRECT_OBJC_ISA_USAGE = YES_ERROR;
				CLANG_WARN_DOCUMENTATION_COMMENTS = YES;
				CLANG_WARN_EMPTY_BODY = YES;
				CLANG_WARN_ENUM_CONVERSION = YES;
				CLANG_WARN_INFINITE_RECURSION = YES;
				CLANG_WARN_INT_CONVERSION = YES;
				CLANG_WARN_NON_LITERAL_NULL_CONVERSION = YES;
				CLANG_WARN_OBJC_IMPLICIT_RETAIN_SELF = YES;
				CLANG_WARN_OBJC_LITERAL_CONVERSION = YES;
				CLANG_WARN_OBJC_ROOT_CLASS = YES_ERROR;
				CLANG_WARN_QUOTED_INCLUDE_IN_FRAMEWORK_HEADER = YES;
				CLANG_WARN_RANGE_LOOP_ANALYSIS = YES;
				CLANG_WARN_STRICT_PROTOTYPES = YES;
				CLANG_WARN_SUSPICIOUS_MOVE = YES;
				CLANG_WARN_UNGUARDED_AVAILABILITY = YES_AGGRESSIVE;
				CLANG_WARN_UNREACHABLE_CODE = YES;
				CLANG_WARN__DUPLICATE_METHOD_MATCH = YES;
				COPY_PHASE_STRIP = NO;
				DEBUG_INFORMATION_FORMAT = dwarf;
				ENABLE_STRICT_OBJC_MSGSEND = YES;
				ENABLE_TESTABILITY = YES;
				ENABLE_USER_SCRIPT_SANDBOXING = YES;
				GCC_C_LANGUAGE_STANDARD = gnu17;
				GCC_DYNAMIC_NO_PIC = NO;
				GCC_NO_COMMON_BLOCKS = YES;
				GCC_OPTIMIZATION_LEVEL = 0;
				GCC_PREPROCESSOR_DEFINITIONS = (
					"DEBUG=1",
					"$(inherited)",
				);
				GCC_WARN_64_TO_32_BIT_CONVERSION = YES;
				GCC_WARN_ABOUT_RETURN_TYPE = YES_ERROR;
				GCC_WARN_UNDECLARED_SELECTOR = YES;
				GCC_WARN_UNINITIALIZED_AUTOS = YES_AGGRESSIVE;
				GCC_WARN_UNUSED_FUNCTION = YES;
				GCC_WARN_UNUSED_VARIABLE = YES;
				IPHONEOS_DEPLOYMENT_TARGET = 18.2;
				LOCALIZATION_PREFERS_STRING_CATALOGS = YES;
				MTL_ENABLE_DEBUG_INFO = INCLUDE_SOURCE;
				MTL_FAST_MATH = YES;
				ONLY_ACTIVE_ARCH = YES;
				SDKROOT = iphoneos;
				SWIFT_ACTIVE_COMPILATION_CONDITIONS = "DEBUG $(inherited)";
				SWIFT_OPTIMIZATION_LEVEL = "-Onone";
			};
			name = Debug;
		};
		635FEF622D24B717007FFBBA /* Release */ = {
			isa = XCBuildConfiguration;
			buildSettings = {
				ALWAYS_SEARCH_USER_PATHS = NO;
				ASSETCATALOG_COMPILER_GENERATE_SWIFT_ASSET_SYMBOL_EXTENSIONS = YES;
				CLANG_ANALYZER_NONNULL = YES;
				CLANG_ANALYZER_NUMBER_OBJECT_CONVERSION = YES_AGGRESSIVE;
				CLANG_CXX_LANGUAGE_STANDARD = "gnu++20";
				CLANG_ENABLE_MODULES = YES;
				CLANG_ENABLE_OBJC_ARC = YES;
				CLANG_ENABLE_OBJC_WEAK = YES;
				CLANG_WARN_BLOCK_CAPTURE_AUTORELEASING = YES;
				CLANG_WARN_BOOL_CONVERSION = YES;
				CLANG_WARN_COMMA = YES;
				CLANG_WARN_CONSTANT_CONVERSION = YES;
				CLANG_WARN_DEPRECATED_OBJC_IMPLEMENTATIONS = YES;
				CLANG_WARN_DIRECT_OBJC_ISA_USAGE = YES_ERROR;
				CLANG_WARN_DOCUMENTATION_COMMENTS = YES;
				CLANG_WARN_EMPTY_BODY = YES;
				CLANG_WARN_ENUM_CONVERSION = YES;
				CLANG_WARN_INFINITE_RECURSION = YES;
				CLANG_WARN_INT_CONVERSION = YES;
				CLANG_WARN_NON_LITERAL_NULL_CONVERSION = YES;
				CLANG_WARN_OBJC_IMPLICIT_RETAIN_SELF = YES;
				CLANG_WARN_OBJC_LITERAL_CONVERSION = YES;
				CLANG_WARN_OBJC_ROOT_CLASS = YES_ERROR;
				CLANG_WARN_QUOTED_INCLUDE_IN_FRAMEWORK_HEADER = YES;
				CLANG_WARN_RANGE_LOOP_ANALYSIS = YES;
				CLANG_WARN_STRICT_PROTOTYPES = YES;
				CLANG_WARN_SUSPICIOUS_MOVE = YES;
				CLANG_WARN_UNGUARDED_AVAILABILITY = YES_AGGRESSIVE;
				CLANG_WARN_UNREACHABLE_CODE = YES;
				CLANG_WARN__DUPLICATE_METHOD_MATCH = YES;
				COPY_PHASE_STRIP = NO;
				DEBUG_INFORMATION_FORMAT = "dwarf-with-dsym";
				ENABLE_NS_ASSERTIONS = NO;
				ENABLE_STRICT_OBJC_MSGSEND = YES;
				ENABLE_USER_SCRIPT_SANDBOXING = YES;
				GCC_C_LANGUAGE_STANDARD = gnu17;
				GCC_NO_COMMON_BLOCKS = YES;
				GCC_WARN_64_TO_32_BIT_CONVERSION = YES;
				GCC_WARN_ABOUT_RETURN_TYPE = YES_ERROR;
				GCC_WARN_UNDECLARED_SELECTOR = YES;
				GCC_WARN_UNINITIALIZED_AUTOS = YES_AGGRESSIVE;
				GCC_WARN_UNUSED_FUNCTION = YES;
				GCC_WARN_UNUSED_VARIABLE = YES;
				IPHONEOS_DEPLOYMENT_TARGET = 18.2;
				LOCALIZATION_PREFERS_STRING_CATALOGS = YES;
				MTL_ENABLE_DEBUG_INFO = NO;
				MTL_FAST_MATH = YES;
				SDKROOT = iphoneos;
				SWIFT_COMPILATION_MODE = wholemodule;
				VALIDATE_PRODUCT = YES;
			};
			name = Release;
		};
		635FEF642D24B717007FFBBA /* Debug */ = {
			isa = XCBuildConfiguration;
			buildSettings = {
				ASSETCATALOG_COMPILER_APPICON_NAME = AppIcon;
				ASSETCATALOG_COMPILER_GLOBAL_ACCENT_COLOR_NAME = AccentColor;
				CODE_SIGN_ENTITLEMENTS = ToDoNotes/ToDoNotes.entitlements;
				CODE_SIGN_STYLE = Automatic;
				CURRENT_PROJECT_VERSION = 1;
				DEVELOPMENT_ASSET_PATHS = "\"ToDoNotes/Preview Content\"";
				DEVELOPMENT_TEAM = NAJAJ652LV;
				ENABLE_PREVIEWS = YES;
				GENERATE_INFOPLIST_FILE = YES;
				INFOPLIST_FILE = ToDoNotes/Info.plist;
				INFOPLIST_KEY_CFBundleDisplayName = ToDoNotes;
				INFOPLIST_KEY_LSApplicationCategoryType = "public.app-category.productivity";
				INFOPLIST_KEY_UIApplicationSceneManifest_Generation = YES;
				INFOPLIST_KEY_UIApplicationSupportsIndirectInputEvents = YES;
				INFOPLIST_KEY_UILaunchScreen_Generation = YES;
				INFOPLIST_KEY_UISupportedInterfaceOrientations = UIInterfaceOrientationPortrait;
				IPHONEOS_DEPLOYMENT_TARGET = 17.0;
				LD_RUNPATH_SEARCH_PATHS = (
					"$(inherited)",
					"@executable_path/Frameworks",
				);
				MARKETING_VERSION = 0.3.2;
				PRODUCT_BUNDLE_IDENTIFIER = com.avoqode.ToDoNotes;
				PRODUCT_NAME = "$(TARGET_NAME)";
				SUPPORTED_PLATFORMS = "iphoneos iphonesimulator";
				SUPPORTS_MACCATALYST = NO;
				SUPPORTS_MAC_DESIGNED_FOR_IPHONE_IPAD = NO;
				SUPPORTS_XR_DESIGNED_FOR_IPHONE_IPAD = NO;
				SWIFT_EMIT_LOC_STRINGS = YES;
				SWIFT_VERSION = 5.0;
				TARGETED_DEVICE_FAMILY = 1;
			};
			name = Debug;
		};
		635FEF652D24B717007FFBBA /* Release */ = {
			isa = XCBuildConfiguration;
			buildSettings = {
				ASSETCATALOG_COMPILER_APPICON_NAME = AppIcon;
				ASSETCATALOG_COMPILER_GLOBAL_ACCENT_COLOR_NAME = AccentColor;
				CODE_SIGN_ENTITLEMENTS = ToDoNotes/ToDoNotes.entitlements;
				CODE_SIGN_STYLE = Automatic;
				CURRENT_PROJECT_VERSION = 1;
				DEVELOPMENT_ASSET_PATHS = "\"ToDoNotes/Preview Content\"";
				DEVELOPMENT_TEAM = NAJAJ652LV;
				ENABLE_PREVIEWS = YES;
				GENERATE_INFOPLIST_FILE = YES;
				INFOPLIST_FILE = ToDoNotes/Info.plist;
				INFOPLIST_KEY_CFBundleDisplayName = ToDoNotes;
				INFOPLIST_KEY_LSApplicationCategoryType = "public.app-category.productivity";
				INFOPLIST_KEY_UIApplicationSceneManifest_Generation = YES;
				INFOPLIST_KEY_UIApplicationSupportsIndirectInputEvents = YES;
				INFOPLIST_KEY_UILaunchScreen_Generation = YES;
				INFOPLIST_KEY_UISupportedInterfaceOrientations = UIInterfaceOrientationPortrait;
				IPHONEOS_DEPLOYMENT_TARGET = 17.0;
				LD_RUNPATH_SEARCH_PATHS = (
					"$(inherited)",
					"@executable_path/Frameworks",
				);
				MARKETING_VERSION = 0.3.2;
				PRODUCT_BUNDLE_IDENTIFIER = com.avoqode.ToDoNotes;
				PRODUCT_NAME = "$(TARGET_NAME)";
				SUPPORTED_PLATFORMS = "iphoneos iphonesimulator";
				SUPPORTS_MACCATALYST = NO;
				SUPPORTS_MAC_DESIGNED_FOR_IPHONE_IPAD = NO;
				SUPPORTS_XR_DESIGNED_FOR_IPHONE_IPAD = NO;
				SWIFT_EMIT_LOC_STRINGS = YES;
				SWIFT_VERSION = 5.0;
				TARGETED_DEVICE_FAMILY = 1;
			};
			name = Release;
		};
/* End XCBuildConfiguration section */

/* Begin XCConfigurationList section */
		635FEF502D24B715007FFBBA /* Build configuration list for PBXProject "ToDoNotes" */ = {
			isa = XCConfigurationList;
			buildConfigurations = (
				635FEF612D24B717007FFBBA /* Debug */,
				635FEF622D24B717007FFBBA /* Release */,
			);
			defaultConfigurationIsVisible = 0;
			defaultConfigurationName = Release;
		};
		635FEF632D24B717007FFBBA /* Build configuration list for PBXNativeTarget "ToDoNotes" */ = {
			isa = XCConfigurationList;
			buildConfigurations = (
				635FEF642D24B717007FFBBA /* Debug */,
				635FEF652D24B717007FFBBA /* Release */,
			);
			defaultConfigurationIsVisible = 0;
			defaultConfigurationName = Release;
		};
/* End XCConfigurationList section */

/* Begin XCRemoteSwiftPackageReference section */
		63645A5A2D3836FB000095D3 /* XCRemoteSwiftPackageReference "swiftui-introspect" */ = {
			isa = XCRemoteSwiftPackageReference;
			repositoryURL = "https://github.com/siteline/swiftui-introspect";
			requirement = {
				kind = upToNextMajorVersion;
				minimumVersion = 1.3.0;
			};
		};
		63958D2B2D33D8FE00A1913A /* XCRemoteSwiftPackageReference "SwiftUIPager" */ = {
			isa = XCRemoteSwiftPackageReference;
			repositoryURL = "https://github.com/fermoya/SwiftUIPager.git";
			requirement = {
				kind = upToNextMajorVersion;
				minimumVersion = 2.5.0;
			};
		};
		63C5A8CD2D31BECD00154101 /* XCRemoteSwiftPackageReference "GoogleSignIn-iOS" */ = {
			isa = XCRemoteSwiftPackageReference;
			repositoryURL = "https://github.com/google/GoogleSignIn-iOS";
			requirement = {
				kind = upToNextMajorVersion;
				minimumVersion = 8.0.0;
			};
		};
/* End XCRemoteSwiftPackageReference section */

/* Begin XCSwiftPackageProductDependency section */
		63645A5B2D3836FB000095D3 /* SwiftUIIntrospect */ = {
			isa = XCSwiftPackageProductDependency;
			package = 63645A5A2D3836FB000095D3 /* XCRemoteSwiftPackageReference "swiftui-introspect" */;
			productName = SwiftUIIntrospect;
		};
		63958D2C2D33D8FE00A1913A /* SwiftUIPager */ = {
			isa = XCSwiftPackageProductDependency;
			package = 63958D2B2D33D8FE00A1913A /* XCRemoteSwiftPackageReference "SwiftUIPager" */;
			productName = SwiftUIPager;
		};
		63C5A8CE2D31BECD00154101 /* GoogleSignIn */ = {
			isa = XCSwiftPackageProductDependency;
			package = 63C5A8CD2D31BECD00154101 /* XCRemoteSwiftPackageReference "GoogleSignIn-iOS" */;
			productName = GoogleSignIn;
		};
		63C5A8D02D31BECD00154101 /* GoogleSignInSwift */ = {
			isa = XCSwiftPackageProductDependency;
			package = 63C5A8CD2D31BECD00154101 /* XCRemoteSwiftPackageReference "GoogleSignIn-iOS" */;
			productName = GoogleSignInSwift;
		};
/* End XCSwiftPackageProductDependency section */

/* Begin XCVersionGroup section */
		6303E2D02D346BBF0096DB64 /* TaskModel.xcdatamodeld */ = {
			isa = XCVersionGroup;
			children = (
				6303E2D12D346BBF0096DB64 /* TaskModel.xcdatamodel */,
			);
			currentVersion = 6303E2D12D346BBF0096DB64 /* TaskModel.xcdatamodel */;
			path = TaskModel.xcdatamodeld;
			sourceTree = "<group>";
			versionGroupType = wrapper.xcdatamodel;
		};
/* End XCVersionGroup section */
	};
	rootObject = 635FEF4D2D24B715007FFBBA /* Project object */;
}
